
Microsoft Visual Studio Solution File, Format Version 12.00
# Visual Studio Version 16
VisualStudioVersion = 16.0.31019.35
MinimumVisualStudioVersion = 10.0.40219.1
Project("{FAE04EC0-301F-11D3-BF4B-00C04F79EFBC}") = "PesquisaCrypto", "PesquisaCrypto\PesquisaCrypto.csproj", "{BD841487-3253-4CBD-B801-8CED01DF0156}"
EndProject
Global
	GlobalSection(SolutionConfigurationPlatforms) = preSolution
		Debug|Any CPU = Debug|Any CPU
		Release|Any CPU = Release|Any CPU
	EndGlobalSection
	GlobalSection(ProjectConfigurationPlatforms) = postSolution
		{BD841487-3253-4CBD-B801-8CED01DF0156}.Debug|Any CPU.ActiveCfg = Debug|Any CPU
		{BD841487-3253-4CBD-B801-8CED01DF0156}.Debug|Any CPU.Build.0 = Debug|Any CPU
		{BD841487-3253-4CBD-B801-8CED01DF0156}.Release|Any CPU.ActiveCfg = Release|Any CPU
		{BD841487-3253-4CBD-B801-8CED01DF0156}.Release|Any CPU.Build.0 = Release|Any CPU
	EndGlobalSection
	GlobalSection(SolutionProperties) = preSolution
		HideSolutionNode = FALSE
	EndGlobalSection
	GlobalSection(ExtensibilityGlobals) = postSolution
		SolutionGuid = {40425887-16AA-4142-8852-096FBB3D1DE2}
	EndGlobalSection
EndGlobal
